
Microsoft Visual Studio Solution File, Format Version 12.00
# Visual Studio Version 17
VisualStudioVersion = 17.11.35312.102
MinimumVisualStudioVersion = 10.0.40219.1
Project("{FAE04EC0-301F-11D3-BF4B-00C04F79EFBC}") = "ToDoApp", "ToDoApp\ToDoApp.csproj", "{A49775ED-F7D0-4D29-ABD8-CC668AF5ED90}"
EndProject
Global
	GlobalSection(SolutionConfigurationPlatforms) = preSolution
		Debug|Any CPU = Debug|Any CPU
		Release|Any CPU = Release|Any CPU
	EndGlobalSection
	GlobalSection(ProjectConfigurationPlatforms) = postSolution
		{A49775ED-F7D0-4D29-ABD8-CC668AF5ED90}.Debug|Any CPU.ActiveCfg = Debug|Any CPU
		{A49775ED-F7D0-4D29-ABD8-CC668AF5ED90}.Debug|Any CPU.Build.0 = Debug|Any CPU
		{A49775ED-F7D0-4D29-ABD8-CC668AF5ED90}.Release|Any CPU.ActiveCfg = Release|Any CPU
		{A49775ED-F7D0-4D29-ABD8-CC668AF5ED90}.Release|Any CPU.Build.0 = Release|Any CPU
	EndGlobalSection
	GlobalSection(SolutionProperties) = preSolution
		HideSolutionNode = FALSE
	EndGlobalSection
	GlobalSection(ExtensibilityGlobals) = postSolution
		SolutionGuid = {847A9366-041A-448F-B9A4-EC6CBC6E1655}
	EndGlobalSection
EndGlobal
